// !$*UTF8*$!
{
	archiveVersion = 1;
	classes = {
	};
	objectVersion = 46;
	objects = {

/* Begin PBXBuildFile section */
		82A3923EAABB48906C321B65 /* Pods_GuiaCENEVAL_iOS.framework in Frameworks */ = {isa = PBXBuildFile; fileRef = 2C2D9014E52B98FFBB24B177 /* Pods_GuiaCENEVAL_iOS.framework */; };
		DE09CB411D1B84E70054C9A2 /* AjustesVC.swift in Sources */ = {isa = PBXBuildFile; fileRef = DE09CB401D1B84E70054C9A2 /* AjustesVC.swift */; };
		DE1807E61D1B0DEC00EEA82E /* TextFieldPro.swift in Sources */ = {isa = PBXBuildFile; fileRef = DE1807E51D1B0DEC00EEA82E /* TextFieldPro.swift */; };
		DE1807E81D1B101D00EEA82E /* LoginVC.swift in Sources */ = {isa = PBXBuildFile; fileRef = DE1807E71D1B101D00EEA82E /* LoginVC.swift */; };
		DE1807EF1D1B1A7900EEA82E /* FBSDKCoreKit.framework in Frameworks */ = {isa = PBXBuildFile; fileRef = DE1807EE1D1B1A7900EEA82E /* FBSDKCoreKit.framework */; };
		DE1807F11D1B1F2200EEA82E /* FBSDKLoginKit.framework in Frameworks */ = {isa = PBXBuildFile; fileRef = DE1807F01D1B1F2200EEA82E /* FBSDKLoginKit.framework */; };
		DE1807F31D1B47EC00EEA82E /* RegistroVC.swift in Sources */ = {isa = PBXBuildFile; fileRef = DE1807F21D1B47EC00EEA82E /* RegistroVC.swift */; };
		DE54A3811D176333007654E3 /* AppDelegate.swift in Sources */ = {isa = PBXBuildFile; fileRef = DE54A3801D176333007654E3 /* AppDelegate.swift */; };
		DE54A3831D176333007654E3 /* ViewController.swift in Sources */ = {isa = PBXBuildFile; fileRef = DE54A3821D176333007654E3 /* ViewController.swift */; };
		DE54A3861D176333007654E3 /* Main.storyboard in Resources */ = {isa = PBXBuildFile; fileRef = DE54A3841D176333007654E3 /* Main.storyboard */; };
		DE54A3881D176333007654E3 /* Assets.xcassets in Resources */ = {isa = PBXBuildFile; fileRef = DE54A3871D176333007654E3 /* Assets.xcassets */; };
		DE54A38B1D176333007654E3 /* LaunchScreen.storyboard in Resources */ = {isa = PBXBuildFile; fileRef = DE54A3891D176333007654E3 /* LaunchScreen.storyboard */; };
		DE54A3961D17660B007654E3 /* RoundButton.swift in Sources */ = {isa = PBXBuildFile; fileRef = DE54A3951D17660B007654E3 /* RoundButton.swift */; };
		DE54A3981D17664C007654E3 /* CheckBox.swift in Sources */ = {isa = PBXBuildFile; fileRef = DE54A3971D17664C007654E3 /* CheckBox.swift */; };
		DE54A39A1D1771EC007654E3 /* ComenzarVC.swift in Sources */ = {isa = PBXBuildFile; fileRef = DE54A3991D1771EC007654E3 /* ComenzarVC.swift */; };
		DE54A39C1D177233007654E3 /* PreguntaVC.swift in Sources */ = {isa = PBXBuildFile; fileRef = DE54A39B1D177233007654E3 /* PreguntaVC.swift */; };
		DE54A39E1D177264007654E3 /* ResultadoVC.swift in Sources */ = {isa = PBXBuildFile; fileRef = DE54A39D1D177264007654E3 /* ResultadoVC.swift */; };
		DE54A3A01D177FB0007654E3 /* BolitaButton.swift in Sources */ = {isa = PBXBuildFile; fileRef = DE54A39F1D177FB0007654E3 /* BolitaButton.swift */; };
		DE54A3A21D17882A007654E3 /* GoogleService-Info.plist in Resources */ = {isa = PBXBuildFile; fileRef = DE54A3A11D17882A007654E3 /* GoogleService-Info.plist */; };
/* End PBXBuildFile section */

/* Begin PBXFileReference section */
		2C2D9014E52B98FFBB24B177 /* Pods_GuiaCENEVAL_iOS.framework */ = {isa = PBXFileReference; explicitFileType = wrapper.framework; includeInIndex = 0; path = Pods_GuiaCENEVAL_iOS.framework; sourceTree = BUILT_PRODUCTS_DIR; };
		5BBD62138BBCABC5C02A4854 /* Pods-GuiaCENEVAL_iOS.debug.xcconfig */ = {isa = PBXFileReference; includeInIndex = 1; lastKnownFileType = text.xcconfig; name = "Pods-GuiaCENEVAL_iOS.debug.xcconfig"; path = "Pods/Target Support Files/Pods-GuiaCENEVAL_iOS/Pods-GuiaCENEVAL_iOS.debug.xcconfig"; sourceTree = "<group>"; };
		DE09CB401D1B84E70054C9A2 /* AjustesVC.swift */ = {isa = PBXFileReference; fileEncoding = 4; lastKnownFileType = sourcecode.swift; path = AjustesVC.swift; sourceTree = "<group>"; };
		DE1807E51D1B0DEC00EEA82E /* TextFieldPro.swift */ = {isa = PBXFileReference; fileEncoding = 4; lastKnownFileType = sourcecode.swift; path = TextFieldPro.swift; sourceTree = "<group>"; };
		DE1807E71D1B101D00EEA82E /* LoginVC.swift */ = {isa = PBXFileReference; fileEncoding = 4; lastKnownFileType = sourcecode.swift; path = LoginVC.swift; sourceTree = "<group>"; };
		DE1807EE1D1B1A7900EEA82E /* FBSDKCoreKit.framework */ = {isa = PBXFileReference; lastKnownFileType = wrapper.framework; path = FBSDKCoreKit.framework; sourceTree = "<group>"; };
		DE1807F01D1B1F2200EEA82E /* FBSDKLoginKit.framework */ = {isa = PBXFileReference; lastKnownFileType = wrapper.framework; path = FBSDKLoginKit.framework; sourceTree = "<group>"; };
		DE1807F21D1B47EC00EEA82E /* RegistroVC.swift */ = {isa = PBXFileReference; fileEncoding = 4; lastKnownFileType = sourcecode.swift; path = RegistroVC.swift; sourceTree = "<group>"; };
		DE54A37D1D176333007654E3 /* GuiaCENEVAL_iOS.app */ = {isa = PBXFileReference; explicitFileType = wrapper.application; includeInIndex = 0; path = GuiaCENEVAL_iOS.app; sourceTree = BUILT_PRODUCTS_DIR; };
		DE54A3801D176333007654E3 /* AppDelegate.swift */ = {isa = PBXFileReference; lastKnownFileType = sourcecode.swift; path = AppDelegate.swift; sourceTree = "<group>"; };
		DE54A3821D176333007654E3 /* ViewController.swift */ = {isa = PBXFileReference; lastKnownFileType = sourcecode.swift; path = ViewController.swift; sourceTree = "<group>"; };
		DE54A3851D176333007654E3 /* Base */ = {isa = PBXFileReference; lastKnownFileType = file.storyboard; name = Base; path = Base.lproj/Main.storyboard; sourceTree = "<group>"; };
		DE54A3871D176333007654E3 /* Assets.xcassets */ = {isa = PBXFileReference; lastKnownFileType = folder.assetcatalog; path = Assets.xcassets; sourceTree = "<group>"; };
		DE54A38A1D176333007654E3 /* Base */ = {isa = PBXFileReference; lastKnownFileType = file.storyboard; name = Base; path = Base.lproj/LaunchScreen.storyboard; sourceTree = "<group>"; };
		DE54A38C1D176333007654E3 /* Info.plist */ = {isa = PBXFileReference; lastKnownFileType = text.plist.xml; path = Info.plist; sourceTree = "<group>"; };
		DE54A3951D17660B007654E3 /* RoundButton.swift */ = {isa = PBXFileReference; fileEncoding = 4; lastKnownFileType = sourcecode.swift; path = RoundButton.swift; sourceTree = "<group>"; };
		DE54A3971D17664C007654E3 /* CheckBox.swift */ = {isa = PBXFileReference; fileEncoding = 4; lastKnownFileType = sourcecode.swift; path = CheckBox.swift; sourceTree = "<group>"; };
		DE54A3991D1771EC007654E3 /* ComenzarVC.swift */ = {isa = PBXFileReference; fileEncoding = 4; lastKnownFileType = sourcecode.swift; path = ComenzarVC.swift; sourceTree = "<group>"; };
		DE54A39B1D177233007654E3 /* PreguntaVC.swift */ = {isa = PBXFileReference; fileEncoding = 4; lastKnownFileType = sourcecode.swift; path = PreguntaVC.swift; sourceTree = "<group>"; };
		DE54A39D1D177264007654E3 /* ResultadoVC.swift */ = {isa = PBXFileReference; fileEncoding = 4; lastKnownFileType = sourcecode.swift; path = ResultadoVC.swift; sourceTree = "<group>"; };
		DE54A39F1D177FB0007654E3 /* BolitaButton.swift */ = {isa = PBXFileReference; fileEncoding = 4; lastKnownFileType = sourcecode.swift; path = BolitaButton.swift; sourceTree = "<group>"; };
		DE54A3A11D17882A007654E3 /* GoogleService-Info.plist */ = {isa = PBXFileReference; fileEncoding = 4; lastKnownFileType = text.plist.xml; path = "GoogleService-Info.plist"; sourceTree = "<group>"; };
		EDC8DB6DEB00B440E04982E3 /* Pods-GuiaCENEVAL_iOS.release.xcconfig */ = {isa = PBXFileReference; includeInIndex = 1; lastKnownFileType = text.xcconfig; name = "Pods-GuiaCENEVAL_iOS.release.xcconfig"; path = "Pods/Target Support Files/Pods-GuiaCENEVAL_iOS/Pods-GuiaCENEVAL_iOS.release.xcconfig"; sourceTree = "<group>"; };
/* End PBXFileReference section */

/* Begin PBXFrameworksBuildPhase section */
		DE54A37A1D176333007654E3 /* Frameworks */ = {
			isa = PBXFrameworksBuildPhase;
			buildActionMask = 2147483647;
			files = (
				82A3923EAABB48906C321B65 /* Pods_GuiaCENEVAL_iOS.framework in Frameworks */,
				DE1807EF1D1B1A7900EEA82E /* FBSDKCoreKit.framework in Frameworks */,
				DE1807F11D1B1F2200EEA82E /* FBSDKLoginKit.framework in Frameworks */,
			);
			runOnlyForDeploymentPostprocessing = 0;
		};
/* End PBXFrameworksBuildPhase section */

/* Begin PBXGroup section */
		6E251783F21BFFD73502F862 /* Pods */ = {
			isa = PBXGroup;
			children = (
				5BBD62138BBCABC5C02A4854 /* Pods-GuiaCENEVAL_iOS.debug.xcconfig */,
				EDC8DB6DEB00B440E04982E3 /* Pods-GuiaCENEVAL_iOS.release.xcconfig */,
			);
			name = Pods;
			sourceTree = "<group>";
		};
		8B17071408C82015E6C5A5F4 /* Frameworks */ = {
			isa = PBXGroup;
			children = (
				2C2D9014E52B98FFBB24B177 /* Pods_GuiaCENEVAL_iOS.framework */,
			);
			name = Frameworks;
			sourceTree = "<group>";
		};
		DE1807ED1D1B1A1800EEA82E /* Frameworks */ = {
			isa = PBXGroup;
			children = (
				DE1807F01D1B1F2200EEA82E /* FBSDKLoginKit.framework */,
				DE1807EE1D1B1A7900EEA82E /* FBSDKCoreKit.framework */,
			);
			name = Frameworks;
			sourceTree = "<group>";
		};
		DE54A3741D176333007654E3 = {
			isa = PBXGroup;
			children = (
				DE54A37F1D176333007654E3 /* GuiaCENEVAL_iOS */,
				DE54A37E1D176333007654E3 /* Products */,
				6E251783F21BFFD73502F862 /* Pods */,
				8B17071408C82015E6C5A5F4 /* Frameworks */,
			);
			sourceTree = "<group>";
		};
		DE54A37E1D176333007654E3 /* Products */ = {
			isa = PBXGroup;
			children = (
				DE54A37D1D176333007654E3 /* GuiaCENEVAL_iOS.app */,
			);
			name = Products;
			sourceTree = "<group>";
		};
		DE54A37F1D176333007654E3 /* GuiaCENEVAL_iOS */ = {
			isa = PBXGroup;
			children = (
				DE1807ED1D1B1A1800EEA82E /* Frameworks */,
				DE54A3921D176550007654E3 /* Model */,
				DE54A3931D17655C007654E3 /* View */,
				DE54A3941D176566007654E3 /* Controller */,
				DE54A3801D176333007654E3 /* AppDelegate.swift */,
				DE54A3841D176333007654E3 /* Main.storyboard */,
				DE54A3871D176333007654E3 /* Assets.xcassets */,
				DE54A3891D176333007654E3 /* LaunchScreen.storyboard */,
				DE54A38C1D176333007654E3 /* Info.plist */,
				DE54A3A11D17882A007654E3 /* GoogleService-Info.plist */,
			);
			path = GuiaCENEVAL_iOS;
			sourceTree = "<group>";
		};
		DE54A3921D176550007654E3 /* Model */ = {
			isa = PBXGroup;
			children = (
			);
			name = Model;
			sourceTree = "<group>";
		};
		DE54A3931D17655C007654E3 /* View */ = {
			isa = PBXGroup;
			children = (
				DE54A3951D17660B007654E3 /* RoundButton.swift */,
				DE54A3971D17664C007654E3 /* CheckBox.swift */,
				DE54A39F1D177FB0007654E3 /* BolitaButton.swift */,
				DE1807E51D1B0DEC00EEA82E /* TextFieldPro.swift */,
			);
			name = View;
			sourceTree = "<group>";
		};
		DE54A3941D176566007654E3 /* Controller */ = {
			isa = PBXGroup;
			children = (
				DE1807E71D1B101D00EEA82E /* LoginVC.swift */,
				DE54A3821D176333007654E3 /* ViewController.swift */,
				DE54A3991D1771EC007654E3 /* ComenzarVC.swift */,
				DE54A39B1D177233007654E3 /* PreguntaVC.swift */,
				DE54A39D1D177264007654E3 /* ResultadoVC.swift */,
				DE1807F21D1B47EC00EEA82E /* RegistroVC.swift */,
				DE09CB401D1B84E70054C9A2 /* AjustesVC.swift */,
			);
			name = Controller;
			sourceTree = "<group>";
		};
/* End PBXGroup section */

/* Begin PBXNativeTarget section */
		DE54A37C1D176333007654E3 /* GuiaCENEVAL_iOS */ = {
			isa = PBXNativeTarget;
			buildConfigurationList = DE54A38F1D176333007654E3 /* Build configuration list for PBXNativeTarget "GuiaCENEVAL_iOS" */;
			buildPhases = (
				C371BB859BEE15C4A7AA7513 /* [CP] Check Pods Manifest.lock */,
				DE54A3791D176333007654E3 /* Sources */,
				DE54A37A1D176333007654E3 /* Frameworks */,
				DE54A37B1D176333007654E3 /* Resources */,
				C662FA5C64C2779BF7DA3928 /* [CP] Embed Pods Frameworks */,
				703F9756E3FB201156D4030A /* [CP] Copy Pods Resources */,
			);
			buildRules = (
			);
			dependencies = (
			);
			name = GuiaCENEVAL_iOS;
			productName = GuiaCENEVAL_iOS;
			productReference = DE54A37D1D176333007654E3 /* GuiaCENEVAL_iOS.app */;
			productType = "com.apple.product-type.application";
		};
/* End PBXNativeTarget section */

/* Begin PBXProject section */
		DE54A3751D176333007654E3 /* Project object */ = {
			isa = PBXProject;
			attributes = {
				LastSwiftUpdateCheck = 0730;
				LastUpgradeCheck = 0730;
				ORGANIZATIONNAME = "Nivelate Online";
				TargetAttributes = {
					DE54A37C1D176333007654E3 = {
						CreatedOnToolsVersion = 7.3.1;
					};
				};
			};
			buildConfigurationList = DE54A3781D176333007654E3 /* Build configuration list for PBXProject "GuiaCENEVAL_iOS" */;
			compatibilityVersion = "Xcode 3.2";
			developmentRegion = English;
			hasScannedForEncodings = 0;
			knownRegions = (
				en,
				Base,
			);
			mainGroup = DE54A3741D176333007654E3;
			productRefGroup = DE54A37E1D176333007654E3 /* Products */;
			projectDirPath = "";
			projectRoot = "";
			targets = (
				DE54A37C1D176333007654E3 /* GuiaCENEVAL_iOS */,
			);
		};
/* End PBXProject section */

/* Begin PBXResourcesBuildPhase section */
		DE54A37B1D176333007654E3 /* Resources */ = {
			isa = PBXResourcesBuildPhase;
			buildActionMask = 2147483647;
			files = (
				DE54A38B1D176333007654E3 /* LaunchScreen.storyboard in Resources */,
				DE54A3A21D17882A007654E3 /* GoogleService-Info.plist in Resources */,
				DE54A3881D176333007654E3 /* Assets.xcassets in Resources */,
				DE54A3861D176333007654E3 /* Main.storyboard in Resources */,
			);
			runOnlyForDeploymentPostprocessing = 0;
		};
/* End PBXResourcesBuildPhase section */

/* Begin PBXShellScriptBuildPhase section */
		703F9756E3FB201156D4030A /* [CP] Copy Pods Resources */ = {
			isa = PBXShellScriptBuildPhase;
			buildActionMask = 2147483647;
			files = (
			);
			inputPaths = (
			);
			name = "[CP] Copy Pods Resources";
			outputPaths = (
			);
			runOnlyForDeploymentPostprocessing = 0;
			shellPath = /bin/sh;
			shellScript = "\"${SRCROOT}/Pods/Target Support Files/Pods-GuiaCENEVAL_iOS/Pods-GuiaCENEVAL_iOS-resources.sh\"\n";
			showEnvVarsInLog = 0;
		};
		C371BB859BEE15C4A7AA7513 /* [CP] Check Pods Manifest.lock */ = {
			isa = PBXShellScriptBuildPhase;
			buildActionMask = 2147483647;
			files = (
			);
			inputPaths = (
			);
			name = "[CP] Check Pods Manifest.lock";
			outputPaths = (
			);
			runOnlyForDeploymentPostprocessing = 0;
			shellPath = /bin/sh;
			shellScript = "diff \"${PODS_ROOT}/../Podfile.lock\" \"${PODS_ROOT}/Manifest.lock\" > /dev/null\nif [[ $? != 0 ]] ; then\n    cat << EOM\nerror: The sandbox is not in sync with the Podfile.lock. Run 'pod install' or update your CocoaPods installation.\nEOM\n    exit 1\nfi\n";
			showEnvVarsInLog = 0;
		};
		C662FA5C64C2779BF7DA3928 /* [CP] Embed Pods Frameworks */ = {
			isa = PBXShellScriptBuildPhase;
			buildActionMask = 2147483647;
			files = (
			);
			inputPaths = (
			);
			name = "[CP] Embed Pods Frameworks";
			outputPaths = (
			);
			runOnlyForDeploymentPostprocessing = 0;
			shellPath = /bin/sh;
			shellScript = "\"${SRCROOT}/Pods/Target Support Files/Pods-GuiaCENEVAL_iOS/Pods-GuiaCENEVAL_iOS-frameworks.sh\"\n";
			showEnvVarsInLog = 0;
		};
/* End PBXShellScriptBuildPhase section */

/* Begin PBXSourcesBuildPhase section */
		DE54A3791D176333007654E3 /* Sources */ = {
			isa = PBXSourcesBuildPhase;
			buildActionMask = 2147483647;
			files = (
				DE54A39C1D177233007654E3 /* PreguntaVC.swift in Sources */,
				DE54A3981D17664C007654E3 /* CheckBox.swift in Sources */,
				DE09CB411D1B84E70054C9A2 /* AjustesVC.swift in Sources */,
				DE1807E61D1B0DEC00EEA82E /* TextFieldPro.swift in Sources */,
				DE54A3961D17660B007654E3 /* RoundButton.swift in Sources */,
				DE1807E81D1B101D00EEA82E /* LoginVC.swift in Sources */,
				DE54A39E1D177264007654E3 /* ResultadoVC.swift in Sources */,
				DE54A3A01D177FB0007654E3 /* BolitaButton.swift in Sources */,
				DE54A3831D176333007654E3 /* ViewController.swift in Sources */,
				DE1807F31D1B47EC00EEA82E /* RegistroVC.swift in Sources */,
				DE54A39A1D1771EC007654E3 /* ComenzarVC.swift in Sources */,
				DE54A3811D176333007654E3 /* AppDelegate.swift in Sources */,
			);
			runOnlyForDeploymentPostprocessing = 0;
		};
/* End PBXSourcesBuildPhase section */

/* Begin PBXVariantGroup section */
		DE54A3841D176333007654E3 /* Main.storyboard */ = {
			isa = PBXVariantGroup;
			children = (
				DE54A3851D176333007654E3 /* Base */,
			);
			name = Main.storyboard;
			sourceTree = "<group>";
		};
		DE54A3891D176333007654E3 /* LaunchScreen.storyboard */ = {
			isa = PBXVariantGroup;
			children = (
				DE54A38A1D176333007654E3 /* Base */,
			);
			name = LaunchScreen.storyboard;
			sourceTree = "<group>";
		};
/* End PBXVariantGroup section */

/* Begin XCBuildConfiguration section */
		DE54A38D1D176333007654E3 /* Debug */ = {
			isa = XCBuildConfiguration;
			buildSettings = {
				ALWAYS_SEARCH_USER_PATHS = NO;
				CLANG_ANALYZER_NONNULL = YES;
				CLANG_CXX_LANGUAGE_STANDARD = "gnu++0x";
				CLANG_CXX_LIBRARY = "libc++";
				CLANG_ENABLE_MODULES = YES;
				CLANG_ENABLE_OBJC_ARC = YES;
				CLANG_WARN_BOOL_CONVERSION = YES;
				CLANG_WARN_CONSTANT_CONVERSION = YES;
				CLANG_WARN_DIRECT_OBJC_ISA_USAGE = YES_ERROR;
				CLANG_WARN_EMPTY_BODY = YES;
				CLANG_WARN_ENUM_CONVERSION = YES;
				CLANG_WARN_INT_CONVERSION = YES;
				CLANG_WARN_OBJC_ROOT_CLASS = YES_ERROR;
				CLANG_WARN_UNREACHABLE_CODE = YES;
				CLANG_WARN__DUPLICATE_METHOD_MATCH = YES;
				"CODE_SIGN_IDENTITY[sdk=iphoneos*]" = "iPhone Developer";
				COPY_PHASE_STRIP = NO;
				DEBUG_INFORMATION_FORMAT = dwarf;
				ENABLE_STRICT_OBJC_MSGSEND = YES;
				ENABLE_TESTABILITY = YES;
				GCC_C_LANGUAGE_STANDARD = gnu99;
				GCC_DYNAMIC_NO_PIC = NO;
				GCC_NO_COMMON_BLOCKS = YES;
				GCC_OPTIMIZATION_LEVEL = 0;
				GCC_PREPROCESSOR_DEFINITIONS = (
					"DEBUG=1",
					"$(inherited)",
				);
				GCC_WARN_64_TO_32_BIT_CONVERSION = YES;
				GCC_WARN_ABOUT_RETURN_TYPE = YES_ERROR;
				GCC_WARN_UNDECLARED_SELECTOR = YES;
				GCC_WARN_UNINITIALIZED_AUTOS = YES_AGGRESSIVE;
				GCC_WARN_UNUSED_FUNCTION = YES;
				GCC_WARN_UNUSED_VARIABLE = YES;
				IPHONEOS_DEPLOYMENT_TARGET = 9.3;
				MTL_ENABLE_DEBUG_INFO = YES;
				ONLY_ACTIVE_ARCH = YES;
				SDKROOT = iphoneos;
				SWIFT_OPTIMIZATION_LEVEL = "-Onone";
			};
			name = Debug;
		};
		DE54A38E1D176333007654E3 /* Release */ = {
			isa = XCBuildConfiguration;
			buildSettings = {
				ALWAYS_SEARCH_USER_PATHS = NO;
				CLANG_ANALYZER_NONNULL = YES;
				CLANG_CXX_LANGUAGE_STANDARD = "gnu++0x";
				CLANG_CXX_LIBRARY = "libc++";
				CLANG_ENABLE_MODULES = YES;
				CLANG_ENABLE_OBJC_ARC = YES;
				CLANG_WARN_BOOL_CONVERSION = YES;
				CLANG_WARN_CONSTANT_CONVERSION = YES;
				CLANG_WARN_DIRECT_OBJC_ISA_USAGE = YES_ERROR;
				CLANG_WARN_EMPTY_BODY = YES;
				CLANG_WARN_ENUM_CONVERSION = YES;
				CLANG_WARN_INT_CONVERSION = YES;
				CLANG_WARN_OBJC_ROOT_CLASS = YES_ERROR;
				CLANG_WARN_UNREACHABLE_CODE = YES;
				CLANG_WARN__DUPLICATE_METHOD_MATCH = YES;
				"CODE_SIGN_IDENTITY[sdk=iphoneos*]" = "iPhone Developer";
				COPY_PHASE_STRIP = NO;
				DEBUG_INFORMATION_FORMAT = "dwarf-with-dsym";
				ENABLE_NS_ASSERTIONS = NO;
				ENABLE_STRICT_OBJC_MSGSEND = YES;
				GCC_C_LANGUAGE_STANDARD = gnu99;
				GCC_NO_COMMON_BLOCKS = YES;
				GCC_WARN_64_TO_32_BIT_CONVERSION = YES;
				GCC_WARN_ABOUT_RETURN_TYPE = YES_ERROR;
				GCC_WARN_UNDECLARED_SELECTOR = YES;
				GCC_WARN_UNINITIALIZED_AUTOS = YES_AGGRESSIVE;
				GCC_WARN_UNUSED_FUNCTION = YES;
				GCC_WARN_UNUSED_VARIABLE = YES;
				IPHONEOS_DEPLOYMENT_TARGET = 9.3;
				MTL_ENABLE_DEBUG_INFO = NO;
				SDKROOT = iphoneos;
				VALIDATE_PRODUCT = YES;
			};
			name = Release;
		};
		DE54A3901D176333007654E3 /* Debug */ = {
			isa = XCBuildConfiguration;
			baseConfigurationReference = 5BBD62138BBCABC5C02A4854 /* Pods-GuiaCENEVAL_iOS.debug.xcconfig */;
			buildSettings = {
				ASSETCATALOG_COMPILER_APPICON_NAME = AppIcon;
				FRAMEWORK_SEARCH_PATHS = (
					"$(inherited)",
					"$(PROJECT_DIR)",
					"$(PROJECT_DIR)/GuiaCENEVAL_iOS",
				);
				INFOPLIST_FILE = GuiaCENEVAL_iOS/Info.plist;
				LD_RUNPATH_SEARCH_PATHS = "$(inherited) @executable_path/Frameworks";
				PRODUCT_BUNDLE_IDENTIFIER = "NivelateOnline.GuiaCENEVAL-iOS";
				PRODUCT_NAME = "$(TARGET_NAME)";
			};
			name = Debug;
		};
		DE54A3911D176333007654E3 /* Release */ = {
			isa = XCBuildConfiguration;
			baseConfigurationReference = EDC8DB6DEB00B440E04982E3 /* Pods-GuiaCENEVAL_iOS.release.xcconfig */;
			buildSettings = {
				ASSETCATALOG_COMPILER_APPICON_NAME = AppIcon;
				FRAMEWORK_SEARCH_PATHS = (
					"$(inherited)",
					"$(PROJECT_DIR)",
					"$(PROJECT_DIR)/GuiaCENEVAL_iOS",
				);
				INFOPLIST_FILE = GuiaCENEVAL_iOS/Info.plist;
				LD_RUNPATH_SEARCH_PATHS = "$(inherited) @executable_path/Frameworks";
				PRODUCT_BUNDLE_IDENTIFIER = "NivelateOnline.GuiaCENEVAL-iOS";
				PRODUCT_NAME = "$(TARGET_NAME)";
			};
			name = Release;
		};
/* End XCBuildConfiguration section */

/* Begin XCConfigurationList section */
		DE54A3781D176333007654E3 /* Build configuration list for PBXProject "GuiaCENEVAL_iOS" */ = {
			isa = XCConfigurationList;
			buildConfigurations = (
				DE54A38D1D176333007654E3 /* Debug */,
				DE54A38E1D176333007654E3 /* Release */,
			);
			defaultConfigurationIsVisible = 0;
			defaultConfigurationName = Release;
		};
		DE54A38F1D176333007654E3 /* Build configuration list for PBXNativeTarget "GuiaCENEVAL_iOS" */ = {
			isa = XCConfigurationList;
			buildConfigurations = (
				DE54A3901D176333007654E3 /* Debug */,
				DE54A3911D176333007654E3 /* Release */,
			);
			defaultConfigurationIsVisible = 0;
			defaultConfigurationName = Release;
		};
/* End XCConfigurationList section */
	};
	rootObject = DE54A3751D176333007654E3 /* Project object */;
}
